
Microsoft Visual Studio Solution File, Format Version 12.00
# Visual Studio Version 16
VisualStudioVersion = 16.0.30717.126
MinimumVisualStudioVersion = 10.0.40219.1
Project("{9A19103F-16F7-4668-BE54-9A1E7A4F7556}") = "Doppler.Push.Api", "Doppler.Push.Api\Doppler.Push.Api.csproj", "{2BDECF69-AEA2-4F66-A545-857CD97390A1}"
EndProject
Project("{2150E333-8FDC-42A3-9474-1A3956D46DE8}") = "Misc Files", "Misc Files", "{15FCC895-9596-4FEE-8E1D-4D80DEB122CB}"
	ProjectSection(SolutionItems) = preProject
		.dockerignore = .dockerignore
		.editorconfig = .editorconfig
		.gitattributes = .gitattributes
		.gitignore = .gitignore
		.prettierignore = .prettierignore
		api-contracts.http = api-contracts.http
		gitlint.sh = gitlint.sh
		doppler-jenkins-ci.groovy = doppler-jenkins-ci.groovy
		README.md = README.md
	EndProjectSection
EndProject
Project("{FAE04EC0-301F-11D3-BF4B-00C04F79EFBC}") = "Doppler.Push.Api.Test", "Doppler.Push.Api.Test\Doppler.Push.Api.Test.csproj", "{005BE9F6-02D4-4BB7-979C-023AAF2C23C0}"
EndProject
Global
	GlobalSection(SolutionConfigurationPlatforms) = preSolution
		Debug|Any CPU = Debug|Any CPU
		Release|Any CPU = Release|Any CPU
	EndGlobalSection
	GlobalSection(ProjectConfigurationPlatforms) = postSolution
		{2BDECF69-AEA2-4F66-A545-857CD97390A1}.Debug|Any CPU.ActiveCfg = Debug|Any CPU
		{2BDECF69-AEA2-4F66-A545-857CD97390A1}.Debug|Any CPU.Build.0 = Debug|Any CPU
		{2BDECF69-AEA2-4F66-A545-857CD97390A1}.Release|Any CPU.ActiveCfg = Release|Any CPU
		{2BDECF69-AEA2-4F66-A545-857CD97390A1}.Release|Any CPU.Build.0 = Release|Any CPU
		{005BE9F6-02D4-4BB7-979C-023AAF2C23C0}.Debug|Any CPU.ActiveCfg = Debug|Any CPU
		{005BE9F6-02D4-4BB7-979C-023AAF2C23C0}.Debug|Any CPU.Build.0 = Debug|Any CPU
		{005BE9F6-02D4-4BB7-979C-023AAF2C23C0}.Release|Any CPU.ActiveCfg = Release|Any CPU
		{005BE9F6-02D4-4BB7-979C-023AAF2C23C0}.Release|Any CPU.Build.0 = Release|Any CPU
	EndGlobalSection
	GlobalSection(SolutionProperties) = preSolution
		HideSolutionNode = FALSE
	EndGlobalSection
	GlobalSection(ExtensibilityGlobals) = postSolution
		SolutionGuid = {9E41884B-57CF-456A-9C6C-4159023B7DD6}
	EndGlobalSection
EndGlobal
